
Microsoft Visual Studio Solution File, Format Version 12.00
# Visual Studio Version 16
VisualStudioVersion = 16.0.28606.126
MinimumVisualStudioVersion = 10.0.40219.1
Project("{FAE04EC0-301F-11D3-BF4B-00C04F79EFBC}") = "Always On Server", "Always On Server\Always On Server.csproj", "{F189BD0F-14CA-4C96-8074-E4E852DB0458}"
EndProject
Project("{2150E333-8FDC-42A3-9474-1A3956D46DE8}") = "root", "root", "{97EC0AF9-16C1-455D-B22A-790F77F5DE8C}"
	ProjectSection(SolutionItems) = preProject
		.gitattributes = .gitattributes
		.gitignore = .gitignore
		CHANGELOG.md = CHANGELOG.md
		LICENSE = LICENSE
		README.md = README.md
	EndProjectSection
EndProject
Global
	GlobalSection(SolutionConfigurationPlatforms) = preSolution
		Debug|Any CPU = Debug|Any CPU
		Release|Any CPU = Release|Any CPU
	EndGlobalSection
	GlobalSection(ProjectConfigurationPlatforms) = postSolution
		{F189BD0F-14CA-4C96-8074-E4E852DB0458}.Debug|Any CPU.ActiveCfg = Debug|Any CPU
		{F189BD0F-14CA-4C96-8074-E4E852DB0458}.Debug|Any CPU.Build.0 = Debug|Any CPU
		{F189BD0F-14CA-4C96-8074-E4E852DB0458}.Release|Any CPU.ActiveCfg = Release|Any CPU
		{F189BD0F-14CA-4C96-8074-E4E852DB0458}.Release|Any CPU.Build.0 = Release|Any CPU
	EndGlobalSection
	GlobalSection(SolutionProperties) = preSolution
		HideSolutionNode = FALSE
	EndGlobalSection
	GlobalSection(ExtensibilityGlobals) = postSolution
		SolutionGuid = {DB5F9B09-5E0E-40A3-8B02-809827BE0B90}
	EndGlobalSection
EndGlobal
